// !$*UTF8*$!
{
	archiveVersion = 1;
	classes = {
	};
	objectVersion = 48;
	objects = {

/* Begin PBXBuildFile section */
		52F723DC1FF01F530096405C /* AppDelegate.swift in Sources */ = {isa = PBXBuildFile; fileRef = 52F723DB1FF01F530096405C /* AppDelegate.swift */; };
		52F723DE1FF01F530096405C /* ViewController.swift in Sources */ = {isa = PBXBuildFile; fileRef = 52F723DD1FF01F530096405C /* ViewController.swift */; };
		52F723E01FF01F530096405C /* Assets.xcassets in Resources */ = {isa = PBXBuildFile; fileRef = 52F723DF1FF01F530096405C /* Assets.xcassets */; };
		52F723E31FF01F530096405C /* Main.storyboard in Resources */ = {isa = PBXBuildFile; fileRef = 52F723E11FF01F530096405C /* Main.storyboard */; };
		52F7240D1FF01FF10096405C /* Cocoa.framework in Frameworks */ = {isa = PBXBuildFile; fileRef = 52F723F11FF01FA60096405C /* Cocoa.framework */; };
		52F724101FF01FF10096405C /* SafariExtensionHandler.swift in Sources */ = {isa = PBXBuildFile; fileRef = 52F7240F1FF01FF10096405C /* SafariExtensionHandler.swift */; };
		52F724121FF01FF10096405C /* SafariExtensionViewController.swift in Sources */ = {isa = PBXBuildFile; fileRef = 52F724111FF01FF10096405C /* SafariExtensionViewController.swift */; };
		52F724151FF01FF10096405C /* SafariExtensionViewController.xib in Resources */ = {isa = PBXBuildFile; fileRef = 52F724131FF01FF10096405C /* SafariExtensionViewController.xib */; };
		52F7241E1FF01FF10096405C /* Botcheck Safari Extension.appex in Embed App Extensions */ = {isa = PBXBuildFile; fileRef = 52F7240C1FF01FF10096405C /* Botcheck Safari Extension.appex */; settings = {ATTRIBUTES = (RemoveHeadersOnCopy, ); }; };
		52F724261FF024890096405C /* Funcs.js in Resources */ = {isa = PBXBuildFile; fileRef = 52F724221FF024880096405C /* Funcs.js */; };
		52F724281FF024890096405C /* Markup.js in Resources */ = {isa = PBXBuildFile; fileRef = 52F724241FF024890096405C /* Markup.js */; };
		52F724291FF024890096405C /* Style.css in Resources */ = {isa = PBXBuildFile; fileRef = 52F724251FF024890096405C /* Style.css */; };
		52F7242B1FF025860096405C /* UI.js in Resources */ = {isa = PBXBuildFile; fileRef = 52F7242A1FF025860096405C /* UI.js */; };
/* End PBXBuildFile section */

/* Begin PBXContainerItemProxy section */
		52F7241C1FF01FF10096405C /* PBXContainerItemProxy */ = {
			isa = PBXContainerItemProxy;
			containerPortal = 52F723D01FF01F530096405C /* Project object */;
			proxyType = 1;
			remoteGlobalIDString = 52F7240B1FF01FF10096405C;
			remoteInfo = "Botcheck Safari Extension";
		};
/* End PBXContainerItemProxy section */

/* Begin PBXCopyFilesBuildPhase section */
		52F724071FF01FA60096405C /* Embed App Extensions */ = {
			isa = PBXCopyFilesBuildPhase;
			buildActionMask = 2147483647;
			dstPath = "";
			dstSubfolderSpec = 13;
			files = (
				52F7241E1FF01FF10096405C /* Botcheck Safari Extension.appex in Embed App Extensions */,
			);
			name = "Embed App Extensions";
			runOnlyForDeploymentPostprocessing = 0;
		};
/* End PBXCopyFilesBuildPhase section */

/* Begin PBXFileReference section */
		52F723D81FF01F530096405C /* Botcheck.app */ = {isa = PBXFileReference; explicitFileType = wrapper.application; includeInIndex = 0; path = Botcheck.app; sourceTree = BUILT_PRODUCTS_DIR; };
		52F723DB1FF01F530096405C /* AppDelegate.swift */ = {isa = PBXFileReference; lastKnownFileType = sourcecode.swift; path = AppDelegate.swift; sourceTree = "<group>"; };
		52F723DD1FF01F530096405C /* ViewController.swift */ = {isa = PBXFileReference; lastKnownFileType = sourcecode.swift; path = ViewController.swift; sourceTree = "<group>"; };
		52F723DF1FF01F530096405C /* Assets.xcassets */ = {isa = PBXFileReference; lastKnownFileType = folder.assetcatalog; path = Assets.xcassets; sourceTree = "<group>"; };
		52F723E21FF01F530096405C /* Base */ = {isa = PBXFileReference; lastKnownFileType = file.storyboard; name = Base; path = Base.lproj/Main.storyboard; sourceTree = "<group>"; };
		52F723E41FF01F530096405C /* Info.plist */ = {isa = PBXFileReference; lastKnownFileType = text.plist.xml; path = Info.plist; sourceTree = "<group>"; };
		52F723E51FF01F530096405C /* Botcheck.entitlements */ = {isa = PBXFileReference; lastKnownFileType = text.plist.entitlements; path = Botcheck.entitlements; sourceTree = "<group>"; };
		52F723F11FF01FA60096405C /* Cocoa.framework */ = {isa = PBXFileReference; lastKnownFileType = wrapper.framework; name = Cocoa.framework; path = System/Library/Frameworks/Cocoa.framework; sourceTree = SDKROOT; };
		52F7240C1FF01FF10096405C /* Botcheck Safari Extension.appex */ = {isa = PBXFileReference; explicitFileType = "wrapper.app-extension"; includeInIndex = 0; path = "Botcheck Safari Extension.appex"; sourceTree = BUILT_PRODUCTS_DIR; };
		52F7240F1FF01FF10096405C /* SafariExtensionHandler.swift */ = {isa = PBXFileReference; lastKnownFileType = sourcecode.swift; path = SafariExtensionHandler.swift; sourceTree = "<group>"; };
		52F724111FF01FF10096405C /* SafariExtensionViewController.swift */ = {isa = PBXFileReference; lastKnownFileType = sourcecode.swift; path = SafariExtensionViewController.swift; sourceTree = "<group>"; };
		52F724141FF01FF10096405C /* Base */ = {isa = PBXFileReference; lastKnownFileType = file.xib; name = Base; path = Base.lproj/SafariExtensionViewController.xib; sourceTree = "<group>"; };
		52F724161FF01FF10096405C /* Info.plist */ = {isa = PBXFileReference; lastKnownFileType = text.plist.xml; path = Info.plist; sourceTree = "<group>"; };
		52F7241B1FF01FF10096405C /* Botcheck_Safari_Extension.entitlements */ = {isa = PBXFileReference; lastKnownFileType = text.plist.entitlements; path = Botcheck_Safari_Extension.entitlements; sourceTree = "<group>"; };
		52F724221FF024880096405C /* Funcs.js */ = {isa = PBXFileReference; fileEncoding = 4; lastKnownFileType = sourcecode.javascript; path = Funcs.js; sourceTree = "<group>"; };
		52F724241FF024890096405C /* Markup.js */ = {isa = PBXFileReference; fileEncoding = 4; lastKnownFileType = sourcecode.javascript; path = Markup.js; sourceTree = "<group>"; };
		52F724251FF024890096405C /* Style.css */ = {isa = PBXFileReference; fileEncoding = 4; lastKnownFileType = text.css; path = Style.css; sourceTree = "<group>"; };
		52F7242A1FF025860096405C /* UI.js */ = {isa = PBXFileReference; fileEncoding = 4; lastKnownFileType = sourcecode.javascript; path = UI.js; sourceTree = "<group>"; };
/* End PBXFileReference section */

/* Begin PBXFrameworksBuildPhase section */
		52F723D51FF01F530096405C /* Frameworks */ = {
			isa = PBXFrameworksBuildPhase;
			buildActionMask = 2147483647;
			files = (
			);
			runOnlyForDeploymentPostprocessing = 0;
		};
		52F724091FF01FF10096405C /* Frameworks */ = {
			isa = PBXFrameworksBuildPhase;
			buildActionMask = 2147483647;
			files = (
				52F7240D1FF01FF10096405C /* Cocoa.framework in Frameworks */,
			);
			runOnlyForDeploymentPostprocessing = 0;
		};
/* End PBXFrameworksBuildPhase section */

/* Begin PBXGroup section */
		52F723CF1FF01F530096405C = {
			isa = PBXGroup;
			children = (
				52F723DA1FF01F530096405C /* Botcheck */,
				52F7240E1FF01FF10096405C /* Botcheck Safari Extension */,
				52F723F01FF01FA60096405C /* Frameworks */,
				52F723D91FF01F530096405C /* Products */,
			);
			sourceTree = "<group>";
		};
		52F723D91FF01F530096405C /* Products */ = {
			isa = PBXGroup;
			children = (
				52F723D81FF01F530096405C /* Botcheck.app */,
				52F7240C1FF01FF10096405C /* Botcheck Safari Extension.appex */,
			);
			name = Products;
			sourceTree = "<group>";
		};
		52F723DA1FF01F530096405C /* Botcheck */ = {
			isa = PBXGroup;
			children = (
				52F723DB1FF01F530096405C /* AppDelegate.swift */,
				52F723DD1FF01F530096405C /* ViewController.swift */,
				52F723DF1FF01F530096405C /* Assets.xcassets */,
				52F723E11FF01F530096405C /* Main.storyboard */,
				52F723E41FF01F530096405C /* Info.plist */,
				52F723E51FF01F530096405C /* Botcheck.entitlements */,
			);
			path = Botcheck;
			sourceTree = "<group>";
		};
		52F723F01FF01FA60096405C /* Frameworks */ = {
			isa = PBXGroup;
			children = (
				52F723F11FF01FA60096405C /* Cocoa.framework */,
			);
			name = Frameworks;
			sourceTree = "<group>";
		};
		52F7240E1FF01FF10096405C /* Botcheck Safari Extension */ = {
			isa = PBXGroup;
			children = (
				52F724221FF024880096405C /* Funcs.js */,
				52F724241FF024890096405C /* Markup.js */,
				52F7242A1FF025860096405C /* UI.js */,
				52F724251FF024890096405C /* Style.css */,
				52F7240F1FF01FF10096405C /* SafariExtensionHandler.swift */,
				52F724111FF01FF10096405C /* SafariExtensionViewController.swift */,
				52F724131FF01FF10096405C /* SafariExtensionViewController.xib */,
				52F724161FF01FF10096405C /* Info.plist */,
				52F7241B1FF01FF10096405C /* Botcheck_Safari_Extension.entitlements */,
			);
			path = "Botcheck Safari Extension";
			sourceTree = "<group>";
		};
/* End PBXGroup section */

/* Begin PBXNativeTarget section */
		52F723D71FF01F530096405C /* Botcheck */ = {
			isa = PBXNativeTarget;
			buildConfigurationList = 52F723E81FF01F530096405C /* Build configuration list for PBXNativeTarget "Botcheck" */;
			buildPhases = (
				52F723D41FF01F530096405C /* Sources */,
				52F723D51FF01F530096405C /* Frameworks */,
				52F723D61FF01F530096405C /* Resources */,
				52F724071FF01FA60096405C /* Embed App Extensions */,
			);
			buildRules = (
			);
			dependencies = (
				52F7241D1FF01FF10096405C /* PBXTargetDependency */,
			);
			name = Botcheck;
			productName = Botcheck;
			productReference = 52F723D81FF01F530096405C /* Botcheck.app */;
			productType = "com.apple.product-type.application";
		};
		52F7240B1FF01FF10096405C /* Botcheck Safari Extension */ = {
			isa = PBXNativeTarget;
			buildConfigurationList = 52F7241F1FF01FF10096405C /* Build configuration list for PBXNativeTarget "Botcheck Safari Extension" */;
			buildPhases = (
				52F724081FF01FF10096405C /* Sources */,
				52F724091FF01FF10096405C /* Frameworks */,
				52F7240A1FF01FF10096405C /* Resources */,
			);
			buildRules = (
			);
			dependencies = (
			);
			name = "Botcheck Safari Extension";
			productName = "Botcheck Safari Extension";
			productReference = 52F7240C1FF01FF10096405C /* Botcheck Safari Extension.appex */;
			productType = "com.apple.product-type.app-extension";
		};
/* End PBXNativeTarget section */

/* Begin PBXProject section */
		52F723D01FF01F530096405C /* Project object */ = {
			isa = PBXProject;
			attributes = {
				LastSwiftUpdateCheck = 0920;
				LastUpgradeCheck = 0920;
				ORGANIZATIONNAME = "Declared Intent";
				TargetAttributes = {
					52F723D71FF01F530096405C = {
						CreatedOnToolsVersion = 9.2;
						ProvisioningStyle = Automatic;
					};
					52F7240B1FF01FF10096405C = {
						CreatedOnToolsVersion = 9.2;
						ProvisioningStyle = Automatic;
					};
				};
			};
			buildConfigurationList = 52F723D31FF01F530096405C /* Build configuration list for PBXProject "Botcheck" */;
			compatibilityVersion = "Xcode 8.0";
			developmentRegion = en;
			hasScannedForEncodings = 0;
			knownRegions = (
				en,
				Base,
			);
			mainGroup = 52F723CF1FF01F530096405C;
			productRefGroup = 52F723D91FF01F530096405C /* Products */;
			projectDirPath = "";
			projectRoot = "";
			targets = (
				52F723D71FF01F530096405C /* Botcheck */,
				52F7240B1FF01FF10096405C /* Botcheck Safari Extension */,
			);
		};
/* End PBXProject section */

/* Begin PBXResourcesBuildPhase section */
		52F723D61FF01F530096405C /* Resources */ = {
			isa = PBXResourcesBuildPhase;
			buildActionMask = 2147483647;
			files = (
				52F723E01FF01F530096405C /* Assets.xcassets in Resources */,
				52F723E31FF01F530096405C /* Main.storyboard in Resources */,
			);
			runOnlyForDeploymentPostprocessing = 0;
		};
		52F7240A1FF01FF10096405C /* Resources */ = {
			isa = PBXResourcesBuildPhase;
			buildActionMask = 2147483647;
			files = (
				52F7242B1FF025860096405C /* UI.js in Resources */,
				52F724281FF024890096405C /* Markup.js in Resources */,
				52F724151FF01FF10096405C /* SafariExtensionViewController.xib in Resources */,
				52F724261FF024890096405C /* Funcs.js in Resources */,
				52F724291FF024890096405C /* Style.css in Resources */,
			);
			runOnlyForDeploymentPostprocessing = 0;
		};
/* End PBXResourcesBuildPhase section */

/* Begin PBXSourcesBuildPhase section */
		52F723D41FF01F530096405C /* Sources */ = {
			isa = PBXSourcesBuildPhase;
			buildActionMask = 2147483647;
			files = (
				52F723DE1FF01F530096405C /* ViewController.swift in Sources */,
				52F723DC1FF01F530096405C /* AppDelegate.swift in Sources */,
			);
			runOnlyForDeploymentPostprocessing = 0;
		};
		52F724081FF01FF10096405C /* Sources */ = {
			isa = PBXSourcesBuildPhase;
			buildActionMask = 2147483647;
			files = (
				52F724121FF01FF10096405C /* SafariExtensionViewController.swift in Sources */,
				52F724101FF01FF10096405C /* SafariExtensionHandler.swift in Sources */,
			);
			runOnlyForDeploymentPostprocessing = 0;
		};
/* End PBXSourcesBuildPhase section */

/* Begin PBXTargetDependency section */
		52F7241D1FF01FF10096405C /* PBXTargetDependency */ = {
			isa = PBXTargetDependency;
			target = 52F7240B1FF01FF10096405C /* Botcheck Safari Extension */;
			targetProxy = 52F7241C1FF01FF10096405C /* PBXContainerItemProxy */;
		};
/* End PBXTargetDependency section */

/* Begin PBXVariantGroup section */
		52F723E11FF01F530096405C /* Main.storyboard */ = {
			isa = PBXVariantGroup;
			children = (
				52F723E21FF01F530096405C /* Base */,
			);
			name = Main.storyboard;
			sourceTree = "<group>";
		};
		52F724131FF01FF10096405C /* SafariExtensionViewController.xib */ = {
			isa = PBXVariantGroup;
			children = (
				52F724141FF01FF10096405C /* Base */,
			);
			name = SafariExtensionViewController.xib;
			sourceTree = "<group>";
		};
/* End PBXVariantGroup section */

/* Begin XCBuildConfiguration section */
		52F723E61FF01F530096405C /* Debug */ = {
			isa = XCBuildConfiguration;
			buildSettings = {
				ALWAYS_SEARCH_USER_PATHS = NO;
				CLANG_ANALYZER_NONNULL = YES;
				CLANG_ANALYZER_NUMBER_OBJECT_CONVERSION = YES_AGGRESSIVE;
				CLANG_CXX_LANGUAGE_STANDARD = "gnu++14";
				CLANG_CXX_LIBRARY = "libc++";
				CLANG_ENABLE_MODULES = YES;
				CLANG_ENABLE_OBJC_ARC = YES;
				CLANG_WARN_BLOCK_CAPTURE_AUTORELEASING = YES;
				CLANG_WARN_BOOL_CONVERSION = YES;
				CLANG_WARN_COMMA = YES;
				CLANG_WARN_CONSTANT_CONVERSION = YES;
				CLANG_WARN_DIRECT_OBJC_ISA_USAGE = YES_ERROR;
				CLANG_WARN_DOCUMENTATION_COMMENTS = YES;
				CLANG_WARN_EMPTY_BODY = YES;
				CLANG_WARN_ENUM_CONVERSION = YES;
				CLANG_WARN_INFINITE_RECURSION = YES;
				CLANG_WARN_INT_CONVERSION = YES;
				CLANG_WARN_NON_LITERAL_NULL_CONVERSION = YES;
				CLANG_WARN_OBJC_LITERAL_CONVERSION = YES;
				CLANG_WARN_OBJC_ROOT_CLASS = YES_ERROR;
				CLANG_WARN_RANGE_LOOP_ANALYSIS = YES;
				CLANG_WARN_STRICT_PROTOTYPES = YES;
				CLANG_WARN_SUSPICIOUS_MOVE = YES;
				CLANG_WARN_UNGUARDED_AVAILABILITY = YES_AGGRESSIVE;
				CLANG_WARN_UNREACHABLE_CODE = YES;
				CLANG_WARN__DUPLICATE_METHOD_MATCH = YES;
				CODE_SIGN_IDENTITY = "-";
				COPY_PHASE_STRIP = NO;
				DEBUG_INFORMATION_FORMAT = dwarf;
				ENABLE_STRICT_OBJC_MSGSEND = YES;
				ENABLE_TESTABILITY = YES;
				GCC_C_LANGUAGE_STANDARD = gnu11;
				GCC_DYNAMIC_NO_PIC = NO;
				GCC_NO_COMMON_BLOCKS = YES;
				GCC_OPTIMIZATION_LEVEL = 0;
				GCC_PREPROCESSOR_DEFINITIONS = (
					"DEBUG=1",
					"$(inherited)",
				);
				GCC_WARN_64_TO_32_BIT_CONVERSION = YES;
				GCC_WARN_ABOUT_RETURN_TYPE = YES_ERROR;
				GCC_WARN_UNDECLARED_SELECTOR = YES;
				GCC_WARN_UNINITIALIZED_AUTOS = YES_AGGRESSIVE;
				GCC_WARN_UNUSED_FUNCTION = YES;
				GCC_WARN_UNUSED_VARIABLE = YES;
				MACOSX_DEPLOYMENT_TARGET = 10.13;
				MTL_ENABLE_DEBUG_INFO = YES;
				ONLY_ACTIVE_ARCH = YES;
				SDKROOT = macosx;
				SWIFT_ACTIVE_COMPILATION_CONDITIONS = DEBUG;
				SWIFT_OPTIMIZATION_LEVEL = "-Onone";
			};
			name = Debug;
		};
		52F723E71FF01F530096405C /* Release */ = {
			isa = XCBuildConfiguration;
			buildSettings = {
				ALWAYS_SEARCH_USER_PATHS = NO;
				CLANG_ANALYZER_NONNULL = YES;
				CLANG_ANALYZER_NUMBER_OBJECT_CONVERSION = YES_AGGRESSIVE;
				CLANG_CXX_LANGUAGE_STANDARD = "gnu++14";
				CLANG_CXX_LIBRARY = "libc++";
				CLANG_ENABLE_MODULES = YES;
				CLANG_ENABLE_OBJC_ARC = YES;
				CLANG_WARN_BLOCK_CAPTURE_AUTORELEASING = YES;
				CLANG_WARN_BOOL_CONVERSION = YES;
				CLANG_WARN_COMMA = YES;
				CLANG_WARN_CONSTANT_CONVERSION = YES;
				CLANG_WARN_DIRECT_OBJC_ISA_USAGE = YES_ERROR;
				CLANG_WARN_DOCUMENTATION_COMMENTS = YES;
				CLANG_WARN_EMPTY_BODY = YES;
				CLANG_WARN_ENUM_CONVERSION = YES;
				CLANG_WARN_INFINITE_RECURSION = YES;
				CLANG_WARN_INT_CONVERSION = YES;
				CLANG_WARN_NON_LITERAL_NULL_CONVERSION = YES;
				CLANG_WARN_OBJC_LITERAL_CONVERSION = YES;
				CLANG_WARN_OBJC_ROOT_CLASS = YES_ERROR;
				CLANG_WARN_RANGE_LOOP_ANALYSIS = YES;
				CLANG_WARN_STRICT_PROTOTYPES = YES;
				CLANG_WARN_SUSPICIOUS_MOVE = YES;
				CLANG_WARN_UNGUARDED_AVAILABILITY = YES_AGGRESSIVE;
				CLANG_WARN_UNREACHABLE_CODE = YES;
				CLANG_WARN__DUPLICATE_METHOD_MATCH = YES;
				CODE_SIGN_IDENTITY = "-";
				COPY_PHASE_STRIP = NO;
				DEBUG_INFORMATION_FORMAT = "dwarf-with-dsym";
				ENABLE_NS_ASSERTIONS = NO;
				ENABLE_STRICT_OBJC_MSGSEND = YES;
				GCC_C_LANGUAGE_STANDARD = gnu11;
				GCC_NO_COMMON_BLOCKS = YES;
				GCC_WARN_64_TO_32_BIT_CONVERSION = YES;
				GCC_WARN_ABOUT_RETURN_TYPE = YES_ERROR;
				GCC_WARN_UNDECLARED_SELECTOR = YES;
				GCC_WARN_UNINITIALIZED_AUTOS = YES_AGGRESSIVE;
				GCC_WARN_UNUSED_FUNCTION = YES;
				GCC_WARN_UNUSED_VARIABLE = YES;
				MACOSX_DEPLOYMENT_TARGET = 10.13;
				MTL_ENABLE_DEBUG_INFO = NO;
				SDKROOT = macosx;
				SWIFT_OPTIMIZATION_LEVEL = "-Owholemodule";
			};
			name = Release;
		};
		52F723E91FF01F530096405C /* Debug */ = {
			isa = XCBuildConfiguration;
			buildSettings = {
				ALWAYS_EMBED_SWIFT_STANDARD_LIBRARIES = YES;
				ASSETCATALOG_COMPILER_APPICON_NAME = AppIcon;
				CODE_SIGN_ENTITLEMENTS = Botcheck/Botcheck.entitlements;
				CODE_SIGN_STYLE = Automatic;
				COMBINE_HIDPI_IMAGES = YES;
				INFOPLIST_FILE = Botcheck/Info.plist;
				LD_RUNPATH_SEARCH_PATHS = "$(inherited) @executable_path/../Frameworks";
				PRODUCT_BUNDLE_IDENTIFIER = "com.declaredintent.botcheck-safari.Botcheck";
				PRODUCT_NAME = "$(TARGET_NAME)";
				SWIFT_VERSION = 4.0;
			};
			name = Debug;
		};
		52F723EA1FF01F530096405C /* Release */ = {
			isa = XCBuildConfiguration;
			buildSettings = {
				ALWAYS_EMBED_SWIFT_STANDARD_LIBRARIES = YES;
				ASSETCATALOG_COMPILER_APPICON_NAME = AppIcon;
				CODE_SIGN_ENTITLEMENTS = Botcheck/Botcheck.entitlements;
				CODE_SIGN_STYLE = Automatic;
				COMBINE_HIDPI_IMAGES = YES;
				INFOPLIST_FILE = Botcheck/Info.plist;
				LD_RUNPATH_SEARCH_PATHS = "$(inherited) @executable_path/../Frameworks";
				PRODUCT_BUNDLE_IDENTIFIER = "com.declaredintent.botcheck-safari.Botcheck";
				PRODUCT_NAME = "$(TARGET_NAME)";
				SWIFT_VERSION = 4.0;
			};
			name = Release;
		};
		52F724201FF01FF10096405C /* Debug */ = {
			isa = XCBuildConfiguration;
			buildSettings = {
				CODE_SIGN_ENTITLEMENTS = "Botcheck Safari Extension/Botcheck_Safari_Extension.entitlements";
				CODE_SIGN_STYLE = Automatic;
				INFOPLIST_FILE = "Botcheck Safari Extension/Info.plist";
				LD_RUNPATH_SEARCH_PATHS = "$(inherited) @executable_path/../Frameworks @executable_path/../../../../Frameworks";
				PRODUCT_BUNDLE_IDENTIFIER = "com.declaredintent.botcheck-safari.Botcheck.Botcheck-Safari-Extension";
				PRODUCT_NAME = "$(TARGET_NAME)";
				SKIP_INSTALL = YES;
				SWIFT_VERSION = 4.0;
			};
			name = Debug;
		};
		52F724211FF01FF10096405C /* Release */ = {
			isa = XCBuildConfiguration;
			buildSettings = {
				CODE_SIGN_ENTITLEMENTS = "Botcheck Safari Extension/Botcheck_Safari_Extension.entitlements";
				CODE_SIGN_STYLE = Automatic;
				INFOPLIST_FILE = "Botcheck Safari Extension/Info.plist";
				LD_RUNPATH_SEARCH_PATHS = "$(inherited) @executable_path/../Frameworks @executable_path/../../../../Frameworks";
				PRODUCT_BUNDLE_IDENTIFIER = "com.declaredintent.botcheck-safari.Botcheck.Botcheck-Safari-Extension";
				PRODUCT_NAME = "$(TARGET_NAME)";
				SKIP_INSTALL = YES;
				SWIFT_VERSION = 4.0;
			};
			name = Release;
		};
/* End XCBuildConfiguration section */

/* Begin XCConfigurationList section */
		52F723D31FF01F530096405C /* Build configuration list for PBXProject "Botcheck" */ = {
			isa = XCConfigurationList;
			buildConfigurations = (
				52F723E61FF01F530096405C /* Debug */,
				52F723E71FF01F530096405C /* Release */,
			);
			defaultConfigurationIsVisible = 0;
			defaultConfigurationName = Release;
		};
		52F723E81FF01F530096405C /* Build configuration list for PBXNativeTarget "Botcheck" */ = {
			isa = XCConfigurationList;
			buildConfigurations = (
				52F723E91FF01F530096405C /* Debug */,
				52F723EA1FF01F530096405C /* Release */,
			);
			defaultConfigurationIsVisible = 0;
			defaultConfigurationName = Release;
		};
		52F7241F1FF01FF10096405C /* Build configuration list for PBXNativeTarget "Botcheck Safari Extension" */ = {
			isa = XCConfigurationList;
			buildConfigurations = (
				52F724201FF01FF10096405C /* Debug */,
				52F724211FF01FF10096405C /* Release */,
			);
			defaultConfigurationIsVisible = 0;
			defaultConfigurationName = Release;
		};
/* End XCConfigurationList section */
	};
	rootObject = 52F723D01FF01F530096405C /* Project object */;
}
